// !$*UTF8*$!
{
	archiveVersion = 1;
	classes = {
	};
	objectVersion = 46;
	objects = {

/* Begin PBXBuildFile section */
		36A9D8A8199C239400E50F48 /* Foundation.framework in Frameworks */ = {isa = PBXBuildFile; fileRef = 36A9D8A7199C239400E50F48 /* Foundation.framework */; };
		36A9D8AA199C239400E50F48 /* CoreGraphics.framework in Frameworks */ = {isa = PBXBuildFile; fileRef = 36A9D8A9199C239400E50F48 /* CoreGraphics.framework */; };
		36A9D8AC199C239400E50F48 /* UIKit.framework in Frameworks */ = {isa = PBXBuildFile; fileRef = 36A9D8AB199C239400E50F48 /* UIKit.framework */; };
		36A9D8B2199C239400E50F48 /* InfoPlist.strings in Resources */ = {isa = PBXBuildFile; fileRef = 36A9D8B0199C239400E50F48 /* InfoPlist.strings */; };
		36A9D8B4199C239400E50F48 /* main.m in Sources */ = {isa = PBXBuildFile; fileRef = 36A9D8B3199C239400E50F48 /* main.m */; };
		36A9D8B8199C239400E50F48 /* LSAppDelegate.m in Sources */ = {isa = PBXBuildFile; fileRef = 36A9D8B7199C239400E50F48 /* LSAppDelegate.m */; };
		36A9D8BB199C239400E50F48 /* Main.storyboard in Resources */ = {isa = PBXBuildFile; fileRef = 36A9D8B9199C239400E50F48 /* Main.storyboard */; };
		36A9D8BE199C239400E50F48 /* LSViewController.m in Sources */ = {isa = PBXBuildFile; fileRef = 36A9D8BD199C239400E50F48 /* LSViewController.m */; };
		36A9D8C0199C239400E50F48 /* Images.xcassets in Resources */ = {isa = PBXBuildFile; fileRef = 36A9D8BF199C239400E50F48 /* Images.xcassets */; };
		36A9D8C7199C239500E50F48 /* XCTest.framework in Frameworks */ = {isa = PBXBuildFile; fileRef = 36A9D8C6199C239500E50F48 /* XCTest.framework */; };
		36A9D8C8199C239500E50F48 /* Foundation.framework in Frameworks */ = {isa = PBXBuildFile; fileRef = 36A9D8A7199C239400E50F48 /* Foundation.framework */; };
		36A9D8C9199C239500E50F48 /* UIKit.framework in Frameworks */ = {isa = PBXBuildFile; fileRef = 36A9D8AB199C239400E50F48 /* UIKit.framework */; };
		36A9D8D1199C239500E50F48 /* InfoPlist.strings in Resources */ = {isa = PBXBuildFile; fileRef = 36A9D8CF199C239500E50F48 /* InfoPlist.strings */; };
		36A9D8D3199C239500E50F48 /* myexerciseTests.m in Sources */ = {isa = PBXBuildFile; fileRef = 36A9D8D2199C239500E50F48 /* myexerciseTests.m */; };
		36A9D8E1199C28F500E50F48 /* Foundation.framework in Frameworks */ = {isa = PBXBuildFile; fileRef = 36A9D8A7199C239400E50F48 /* Foundation.framework */; };
		36A9D8E2199C28F500E50F48 /* CoreGraphics.framework in Frameworks */ = {isa = PBXBuildFile; fileRef = 36A9D8A9199C239400E50F48 /* CoreGraphics.framework */; };
		36A9D8E3199C28F500E50F48 /* UIKit.framework in Frameworks */ = {isa = PBXBuildFile; fileRef = 36A9D8AB199C239400E50F48 /* UIKit.framework */; };
		36A9D8E9199C28F500E50F48 /* InfoPlist.strings in Resources */ = {isa = PBXBuildFile; fileRef = 36A9D8E7199C28F500E50F48 /* InfoPlist.strings */; };
		36A9D8EB199C28F500E50F48 /* main.m in Sources */ = {isa = PBXBuildFile; fileRef = 36A9D8EA199C28F500E50F48 /* main.m */; };
		36A9D8EF199C28F500E50F48 /* LSAppDelegate.m in Sources */ = {isa = PBXBuildFile; fileRef = 36A9D8EE199C28F500E50F48 /* LSAppDelegate.m */; };
		36A9D8F2199C28F500E50F48 /* Main.storyboard in Resources */ = {isa = PBXBuildFile; fileRef = 36A9D8F0199C28F500E50F48 /* Main.storyboard */; };
		36A9D8F5199C28F500E50F48 /* LSViewController.m in Sources */ = {isa = PBXBuildFile; fileRef = 36A9D8F4199C28F500E50F48 /* LSViewController.m */; };
		36A9D8F7199C28F500E50F48 /* Images.xcassets in Resources */ = {isa = PBXBuildFile; fileRef = 36A9D8F6199C28F500E50F48 /* Images.xcassets */; };
		36A9D8FD199C28F500E50F48 /* XCTest.framework in Frameworks */ = {isa = PBXBuildFile; fileRef = 36A9D8C6199C239500E50F48 /* XCTest.framework */; };
		36A9D8FE199C28F500E50F48 /* Foundation.framework in Frameworks */ = {isa = PBXBuildFile; fileRef = 36A9D8A7199C239400E50F48 /* Foundation.framework */; };
		36A9D8FF199C28F500E50F48 /* UIKit.framework in Frameworks */ = {isa = PBXBuildFile; fileRef = 36A9D8AB199C239400E50F48 /* UIKit.framework */; };
		36A9D907199C28F500E50F48 /* InfoPlist.strings in Resources */ = {isa = PBXBuildFile; fileRef = 36A9D905199C28F500E50F48 /* InfoPlist.strings */; };
		36A9D909199C28F500E50F48 /* myplateTests.m in Sources */ = {isa = PBXBuildFile; fileRef = 36A9D908199C28F500E50F48 /* myplateTests.m */; };
/* End PBXBuildFile section */

/* Begin PBXContainerItemProxy section */
		36A9D8CA199C239500E50F48 /* PBXContainerItemProxy */ = {
			isa = PBXContainerItemProxy;
			containerPortal = 36A9D89C199C239400E50F48 /* Project object */;
			proxyType = 1;
			remoteGlobalIDString = 36A9D8A3199C239400E50F48;
			remoteInfo = myexercise;
		};
		36A9D900199C28F500E50F48 /* PBXContainerItemProxy */ = {
			isa = PBXContainerItemProxy;
			containerPortal = 36A9D89C199C239400E50F48 /* Project object */;
			proxyType = 1;
			remoteGlobalIDString = 36A9D8DF199C28F500E50F48;
			remoteInfo = myplate;
		};
/* End PBXContainerItemProxy section */

/* Begin PBXFileReference section */
		36A9D8A4199C239400E50F48 /* myexercise.app */ = {isa = PBXFileReference; explicitFileType = wrapper.application; includeInIndex = 0; path = myexercise.app; sourceTree = BUILT_PRODUCTS_DIR; };
		36A9D8A7199C239400E50F48 /* Foundation.framework */ = {isa = PBXFileReference; lastKnownFileType = wrapper.framework; name = Foundation.framework; path = System/Library/Frameworks/Foundation.framework; sourceTree = SDKROOT; };
		36A9D8A9199C239400E50F48 /* CoreGraphics.framework */ = {isa = PBXFileReference; lastKnownFileType = wrapper.framework; name = CoreGraphics.framework; path = System/Library/Frameworks/CoreGraphics.framework; sourceTree = SDKROOT; };
		36A9D8AB199C239400E50F48 /* UIKit.framework */ = {isa = PBXFileReference; lastKnownFileType = wrapper.framework; name = UIKit.framework; path = System/Library/Frameworks/UIKit.framework; sourceTree = SDKROOT; };
		36A9D8AF199C239400E50F48 /* myexercise-Info.plist */ = {isa = PBXFileReference; lastKnownFileType = text.plist.xml; path = "myexercise-Info.plist"; sourceTree = "<group>"; };
		36A9D8B1199C239400E50F48 /* en */ = {isa = PBXFileReference; lastKnownFileType = text.plist.strings; name = en; path = en.lproj/InfoPlist.strings; sourceTree = "<group>"; };
		36A9D8B3199C239400E50F48 /* main.m */ = {isa = PBXFileReference; lastKnownFileType = sourcecode.c.objc; path = main.m; sourceTree = "<group>"; };
		36A9D8B5199C239400E50F48 /* myexercise-Prefix.pch */ = {isa = PBXFileReference; lastKnownFileType = sourcecode.c.h; path = "myexercise-Prefix.pch"; sourceTree = "<group>"; };
		36A9D8B6199C239400E50F48 /* LSAppDelegate.h */ = {isa = PBXFileReference; lastKnownFileType = sourcecode.c.h; path = LSAppDelegate.h; sourceTree = "<group>"; };
		36A9D8B7199C239400E50F48 /* LSAppDelegate.m */ = {isa = PBXFileReference; lastKnownFileType = sourcecode.c.objc; path = LSAppDelegate.m; sourceTree = "<group>"; };
		36A9D8BA199C239400E50F48 /* Base */ = {isa = PBXFileReference; lastKnownFileType = file.storyboard; name = Base; path = Base.lproj/Main.storyboard; sourceTree = "<group>"; };
		36A9D8BC199C239400E50F48 /* LSViewController.h */ = {isa = PBXFileReference; lastKnownFileType = sourcecode.c.h; path = LSViewController.h; sourceTree = "<group>"; };
		36A9D8BD199C239400E50F48 /* LSViewController.m */ = {isa = PBXFileReference; lastKnownFileType = sourcecode.c.objc; path = LSViewController.m; sourceTree = "<group>"; };
		36A9D8BF199C239400E50F48 /* Images.xcassets */ = {isa = PBXFileReference; lastKnownFileType = folder.assetcatalog; path = Images.xcassets; sourceTree = "<group>"; };
		36A9D8C5199C239500E50F48 /* myexerciseTests.xctest */ = {isa = PBXFileReference; explicitFileType = wrapper.cfbundle; includeInIndex = 0; path = myexerciseTests.xctest; sourceTree = BUILT_PRODUCTS_DIR; };
		36A9D8C6199C239500E50F48 /* XCTest.framework */ = {isa = PBXFileReference; lastKnownFileType = wrapper.framework; name = XCTest.framework; path = Library/Frameworks/XCTest.framework; sourceTree = DEVELOPER_DIR; };
		36A9D8CE199C239500E50F48 /* myexerciseTests-Info.plist */ = {isa = PBXFileReference; lastKnownFileType = text.plist.xml; path = "myexerciseTests-Info.plist"; sourceTree = "<group>"; };
		36A9D8D0199C239500E50F48 /* en */ = {isa = PBXFileReference; lastKnownFileType = text.plist.strings; name = en; path = en.lproj/InfoPlist.strings; sourceTree = "<group>"; };
		36A9D8D2199C239500E50F48 /* myexerciseTests.m */ = {isa = PBXFileReference; lastKnownFileType = sourcecode.c.objc; path = myexerciseTests.m; sourceTree = "<group>"; };
		36A9D8E0199C28F500E50F48 /* myplate.app */ = {isa = PBXFileReference; explicitFileType = wrapper.application; includeInIndex = 0; path = myplate.app; sourceTree = BUILT_PRODUCTS_DIR; };
		36A9D8E6199C28F500E50F48 /* myplate-Info.plist */ = {isa = PBXFileReference; lastKnownFileType = text.plist.xml; path = "myplate-Info.plist"; sourceTree = "<group>"; };
		36A9D8E8199C28F500E50F48 /* en */ = {isa = PBXFileReference; lastKnownFileType = text.plist.strings; name = en; path = en.lproj/InfoPlist.strings; sourceTree = "<group>"; };
		36A9D8EA199C28F500E50F48 /* main.m */ = {isa = PBXFileReference; lastKnownFileType = sourcecode.c.objc; path = main.m; sourceTree = "<group>"; };
		36A9D8EC199C28F500E50F48 /* myplate-Prefix.pch */ = {isa = PBXFileReference; lastKnownFileType = sourcecode.c.h; path = "myplate-Prefix.pch"; sourceTree = "<group>"; };
		36A9D8ED199C28F500E50F48 /* LSAppDelegate.h */ = {isa = PBXFileReference; lastKnownFileType = sourcecode.c.h; path = LSAppDelegate.h; sourceTree = "<group>"; };
		36A9D8EE199C28F500E50F48 /* LSAppDelegate.m */ = {isa = PBXFileReference; lastKnownFileType = sourcecode.c.objc; path = LSAppDelegate.m; sourceTree = "<group>"; };
		36A9D8F1199C28F500E50F48 /* Base */ = {isa = PBXFileReference; lastKnownFileType = file.storyboard; name = Base; path = Base.lproj/Main.storyboard; sourceTree = "<group>"; };
		36A9D8F3199C28F500E50F48 /* LSViewController.h */ = {isa = PBXFileReference; lastKnownFileType = sourcecode.c.h; path = LSViewController.h; sourceTree = "<group>"; };
		36A9D8F4199C28F500E50F48 /* LSViewController.m */ = {isa = PBXFileReference; lastKnownFileType = sourcecode.c.objc; path = LSViewController.m; sourceTree = "<group>"; };
		36A9D8F6199C28F500E50F48 /* Images.xcassets */ = {isa = PBXFileReference; lastKnownFileType = folder.assetcatalog; path = Images.xcassets; sourceTree = "<group>"; };
		36A9D8FC199C28F500E50F48 /* myplateTests.xctest */ = {isa = PBXFileReference; explicitFileType = wrapper.cfbundle; includeInIndex = 0; path = myplateTests.xctest; sourceTree = BUILT_PRODUCTS_DIR; };
		36A9D904199C28F500E50F48 /* myplateTests-Info.plist */ = {isa = PBXFileReference; lastKnownFileType = text.plist.xml; path = "myplateTests-Info.plist"; sourceTree = "<group>"; };
		36A9D906199C28F500E50F48 /* en */ = {isa = PBXFileReference; lastKnownFileType = text.plist.strings; name = en; path = en.lproj/InfoPlist.strings; sourceTree = "<group>"; };
		36A9D908199C28F500E50F48 /* myplateTests.m */ = {isa = PBXFileReference; lastKnownFileType = sourcecode.c.objc; path = myplateTests.m; sourceTree = "<group>"; };
/* End PBXFileReference section */

/* Begin PBXFrameworksBuildPhase section */
		36A9D8A1199C239400E50F48 /* Frameworks */ = {
			isa = PBXFrameworksBuildPhase;
			buildActionMask = 2147483647;
			files = (
				36A9D8AA199C239400E50F48 /* CoreGraphics.framework in Frameworks */,
				36A9D8AC199C239400E50F48 /* UIKit.framework in Frameworks */,
				36A9D8A8199C239400E50F48 /* Foundation.framework in Frameworks */,
			);
			runOnlyForDeploymentPostprocessing = 0;
		};
		36A9D8C2199C239500E50F48 /* Frameworks */ = {
			isa = PBXFrameworksBuildPhase;
			buildActionMask = 2147483647;
			files = (
				36A9D8C7199C239500E50F48 /* XCTest.framework in Frameworks */,
				36A9D8C9199C239500E50F48 /* UIKit.framework in Frameworks */,
				36A9D8C8199C239500E50F48 /* Foundation.framework in Frameworks */,
			);
			runOnlyForDeploymentPostprocessing = 0;
		};
		36A9D8DD199C28F500E50F48 /* Frameworks */ = {
			isa = PBXFrameworksBuildPhase;
			buildActionMask = 2147483647;
			files = (
				36A9D8E2199C28F500E50F48 /* CoreGraphics.framework in Frameworks */,
				36A9D8E3199C28F500E50F48 /* UIKit.framework in Frameworks */,
				36A9D8E1199C28F500E50F48 /* Foundation.framework in Frameworks */,
			);
			runOnlyForDeploymentPostprocessing = 0;
		};
		36A9D8F9199C28F500E50F48 /* Frameworks */ = {
			isa = PBXFrameworksBuildPhase;
			buildActionMask = 2147483647;
			files = (
				36A9D8FD199C28F500E50F48 /* XCTest.framework in Frameworks */,
				36A9D8FF199C28F500E50F48 /* UIKit.framework in Frameworks */,
				36A9D8FE199C28F500E50F48 /* Foundation.framework in Frameworks */,
			);
			runOnlyForDeploymentPostprocessing = 0;
		};
/* End PBXFrameworksBuildPhase section */

/* Begin PBXGroup section */
		36A9D89B199C239400E50F48 = {
			isa = PBXGroup;
			children = (
				36A9D8AD199C239400E50F48 /* myexercise */,
				36A9D8CC199C239500E50F48 /* myexerciseTests */,
				36A9D8E4199C28F500E50F48 /* myplate */,
				36A9D902199C28F500E50F48 /* myplateTests */,
				36A9D8A6199C239400E50F48 /* Frameworks */,
				36A9D8A5199C239400E50F48 /* Products */,
			);
			sourceTree = "<group>";
		};
		36A9D8A5199C239400E50F48 /* Products */ = {
			isa = PBXGroup;
			children = (
				36A9D8A4199C239400E50F48 /* myexercise.app */,
				36A9D8C5199C239500E50F48 /* myexerciseTests.xctest */,
				36A9D8E0199C28F500E50F48 /* myplate.app */,
				36A9D8FC199C28F500E50F48 /* myplateTests.xctest */,
			);
			name = Products;
			sourceTree = "<group>";
		};
		36A9D8A6199C239400E50F48 /* Frameworks */ = {
			isa = PBXGroup;
			children = (
				36A9D8A7199C239400E50F48 /* Foundation.framework */,
				36A9D8A9199C239400E50F48 /* CoreGraphics.framework */,
				36A9D8AB199C239400E50F48 /* UIKit.framework */,
				36A9D8C6199C239500E50F48 /* XCTest.framework */,
			);
			name = Frameworks;
			sourceTree = "<group>";
		};
		36A9D8AD199C239400E50F48 /* myexercise */ = {
			isa = PBXGroup;
			children = (
				36A9D8B6199C239400E50F48 /* LSAppDelegate.h */,
				36A9D8B7199C239400E50F48 /* LSAppDelegate.m */,
				36A9D8B9199C239400E50F48 /* Main.storyboard */,
				36A9D8BC199C239400E50F48 /* LSViewController.h */,
				36A9D8BD199C239400E50F48 /* LSViewController.m */,
				36A9D8BF199C239400E50F48 /* Images.xcassets */,
				36A9D8AE199C239400E50F48 /* Supporting Files */,
			);
			path = myexercise;
			sourceTree = "<group>";
		};
		36A9D8AE199C239400E50F48 /* Supporting Files */ = {
			isa = PBXGroup;
			children = (
				36A9D8AF199C239400E50F48 /* myexercise-Info.plist */,
				36A9D8B0199C239400E50F48 /* InfoPlist.strings */,
				36A9D8B3199C239400E50F48 /* main.m */,
				36A9D8B5199C239400E50F48 /* myexercise-Prefix.pch */,
			);
			name = "Supporting Files";
			sourceTree = "<group>";
		};
		36A9D8CC199C239500E50F48 /* myexerciseTests */ = {
			isa = PBXGroup;
			children = (
				36A9D8D2199C239500E50F48 /* myexerciseTests.m */,
				36A9D8CD199C239500E50F48 /* Supporting Files */,
			);
			path = myexerciseTests;
			sourceTree = "<group>";
		};
		36A9D8CD199C239500E50F48 /* Supporting Files */ = {
			isa = PBXGroup;
			children = (
				36A9D8CE199C239500E50F48 /* myexerciseTests-Info.plist */,
				36A9D8CF199C239500E50F48 /* InfoPlist.strings */,
			);
			name = "Supporting Files";
			sourceTree = "<group>";
		};
		36A9D8E4199C28F500E50F48 /* myplate */ = {
			isa = PBXGroup;
			children = (
				36A9D8ED199C28F500E50F48 /* LSAppDelegate.h */,
				36A9D8EE199C28F500E50F48 /* LSAppDelegate.m */,
				36A9D8F0199C28F500E50F48 /* Main.storyboard */,
				36A9D8F3199C28F500E50F48 /* LSViewController.h */,
				36A9D8F4199C28F500E50F48 /* LSViewController.m */,
				36A9D8F6199C28F500E50F48 /* Images.xcassets */,
				36A9D8E5199C28F500E50F48 /* Supporting Files */,
			);
			path = myplate;
			sourceTree = "<group>";
		};
		36A9D8E5199C28F500E50F48 /* Supporting Files */ = {
			isa = PBXGroup;
			children = (
				36A9D8E6199C28F500E50F48 /* myplate-Info.plist */,
				36A9D8E7199C28F500E50F48 /* InfoPlist.strings */,
				36A9D8EA199C28F500E50F48 /* main.m */,
				36A9D8EC199C28F500E50F48 /* myplate-Prefix.pch */,
			);
			name = "Supporting Files";
			sourceTree = "<group>";
		};
		36A9D902199C28F500E50F48 /* myplateTests */ = {
			isa = PBXGroup;
			children = (
				36A9D908199C28F500E50F48 /* myplateTests.m */,
				36A9D903199C28F500E50F48 /* Supporting Files */,
			);
			path = myplateTests;
			sourceTree = "<group>";
		};
		36A9D903199C28F500E50F48 /* Supporting Files */ = {
			isa = PBXGroup;
			children = (
				36A9D904199C28F500E50F48 /* myplateTests-Info.plist */,
				36A9D905199C28F500E50F48 /* InfoPlist.strings */,
			);
			name = "Supporting Files";
			sourceTree = "<group>";
		};
/* End PBXGroup section */

/* Begin PBXNativeTarget section */
		36A9D8A3199C239400E50F48 /* myexercise */ = {
			isa = PBXNativeTarget;
			buildConfigurationList = 36A9D8D6199C239500E50F48 /* Build configuration list for PBXNativeTarget "myexercise" */;
			buildPhases = (
				36A9D8A0199C239400E50F48 /* Sources */,
				36A9D8A1199C239400E50F48 /* Frameworks */,
				36A9D8A2199C239400E50F48 /* Resources */,
			);
			buildRules = (
			);
			dependencies = (
			);
			name = myexercise;
			productName = myexercise;
			productReference = 36A9D8A4199C239400E50F48 /* myexercise.app */;
			productType = "com.apple.product-type.application";
		};
		36A9D8C4199C239500E50F48 /* myexerciseTests */ = {
			isa = PBXNativeTarget;
			buildConfigurationList = 36A9D8D9199C239500E50F48 /* Build configuration list for PBXNativeTarget "myexerciseTests" */;
			buildPhases = (
				36A9D8C1199C239500E50F48 /* Sources */,
				36A9D8C2199C239500E50F48 /* Frameworks */,
				36A9D8C3199C239500E50F48 /* Resources */,
			);
			buildRules = (
			);
			dependencies = (
				36A9D8CB199C239500E50F48 /* PBXTargetDependency */,
			);
			name = myexerciseTests;
			productName = myexerciseTests;
			productReference = 36A9D8C5199C239500E50F48 /* myexerciseTests.xctest */;
			productType = "com.apple.product-type.bundle.unit-test";
		};
		36A9D8DF199C28F500E50F48 /* myplate */ = {
			isa = PBXNativeTarget;
			buildConfigurationList = 36A9D90A199C28F500E50F48 /* Build configuration list for PBXNativeTarget "myplate" */;
			buildPhases = (
				36A9D8DC199C28F500E50F48 /* Sources */,
				36A9D8DD199C28F500E50F48 /* Frameworks */,
				36A9D8DE199C28F500E50F48 /* Resources */,
			);
			buildRules = (
			);
			dependencies = (
			);
			name = myplate;
			productName = myplate;
			productReference = 36A9D8E0199C28F500E50F48 /* myplate.app */;
			productType = "com.apple.product-type.application";
		};
		36A9D8FB199C28F500E50F48 /* myplateTests */ = {
			isa = PBXNativeTarget;
			buildConfigurationList = 36A9D90D199C28F500E50F48 /* Build configuration list for PBXNativeTarget "myplateTests" */;
			buildPhases = (
				36A9D8F8199C28F500E50F48 /* Sources */,
				36A9D8F9199C28F500E50F48 /* Frameworks */,
				36A9D8FA199C28F500E50F48 /* Resources */,
			);
			buildRules = (
			);
			dependencies = (
				36A9D901199C28F500E50F48 /* PBXTargetDependency */,
			);
			name = myplateTests;
			productName = myplateTests;
			productReference = 36A9D8FC199C28F500E50F48 /* myplateTests.xctest */;
			productType = "com.apple.product-type.bundle.unit-test";
		};
/* End PBXNativeTarget section */

/* Begin PBXProject section */
		36A9D89C199C239400E50F48 /* Project object */ = {
			isa = PBXProject;
			attributes = {
				CLASSPREFIX = LS;
				LastUpgradeCheck = 0510;
				ORGANIZATIONNAME = livestrong;
				TargetAttributes = {
					36A9D8C4199C239500E50F48 = {
						TestTargetID = 36A9D8A3199C239400E50F48;
					};
					36A9D8FB199C28F500E50F48 = {
						TestTargetID = 36A9D8A3199C239400E50F48;
					};
				};
			};
			buildConfigurationList = 36A9D89F199C239400E50F48 /* Build configuration list for PBXProject "myexercise" */;
			compatibilityVersion = "Xcode 3.2";
			developmentRegion = English;
			hasScannedForEncodings = 0;
			knownRegions = (
				en,
				Base,
			);
			mainGroup = 36A9D89B199C239400E50F48;
			productRefGroup = 36A9D8A5199C239400E50F48 /* Products */;
			projectDirPath = "";
			projectRoot = "";
			targets = (
				36A9D8A3199C239400E50F48 /* myexercise */,
				36A9D8C4199C239500E50F48 /* myexerciseTests */,
				36A9D8DF199C28F500E50F48 /* myplate */,
				36A9D8FB199C28F500E50F48 /* myplateTests */,
			);
		};
/* End PBXProject section */

/* Begin PBXResourcesBuildPhase section */
		36A9D8A2199C239400E50F48 /* Resources */ = {
			isa = PBXResourcesBuildPhase;
			buildActionMask = 2147483647;
			files = (
				36A9D8C0199C239400E50F48 /* Images.xcassets in Resources */,
				36A9D8B2199C239400E50F48 /* InfoPlist.strings in Resources */,
				36A9D8BB199C239400E50F48 /* Main.storyboard in Resources */,
			);
			runOnlyForDeploymentPostprocessing = 0;
		};
		36A9D8C3199C239500E50F48 /* Resources */ = {
			isa = PBXResourcesBuildPhase;
			buildActionMask = 2147483647;
			files = (
				36A9D8D1199C239500E50F48 /* InfoPlist.strings in Resources */,
			);
			runOnlyForDeploymentPostprocessing = 0;
		};
		36A9D8DE199C28F500E50F48 /* Resources */ = {
			isa = PBXResourcesBuildPhase;
			buildActionMask = 2147483647;
			files = (
				36A9D8F7199C28F500E50F48 /* Images.xcassets in Resources */,
				36A9D8E9199C28F500E50F48 /* InfoPlist.strings in Resources */,
				36A9D8F2199C28F500E50F48 /* Main.storyboard in Resources */,
			);
			runOnlyForDeploymentPostprocessing = 0;
		};
		36A9D8FA199C28F500E50F48 /* Resources */ = {
			isa = PBXResourcesBuildPhase;
			buildActionMask = 2147483647;
			files = (
				36A9D907199C28F500E50F48 /* InfoPlist.strings in Resources */,
			);
			runOnlyForDeploymentPostprocessing = 0;
		};
/* End PBXResourcesBuildPhase section */

/* Begin PBXSourcesBuildPhase section */
		36A9D8A0199C239400E50F48 /* Sources */ = {
			isa = PBXSourcesBuildPhase;
			buildActionMask = 2147483647;
			files = (
				36A9D8B4199C239400E50F48 /* main.m in Sources */,
				36A9D8B8199C239400E50F48 /* LSAppDelegate.m in Sources */,
				36A9D8BE199C239400E50F48 /* LSViewController.m in Sources */,
			);
			runOnlyForDeploymentPostprocessing = 0;
		};
		36A9D8C1199C239500E50F48 /* Sources */ = {
			isa = PBXSourcesBuildPhase;
			buildActionMask = 2147483647;
			files = (
				36A9D8D3199C239500E50F48 /* myexerciseTests.m in Sources */,
			);
			runOnlyForDeploymentPostprocessing = 0;
		};
		36A9D8DC199C28F500E50F48 /* Sources */ = {
			isa = PBXSourcesBuildPhase;
			buildActionMask = 2147483647;
			files = (
				36A9D8EB199C28F500E50F48 /* main.m in Sources */,
				36A9D8EF199C28F500E50F48 /* LSAppDelegate.m in Sources */,
				36A9D8F5199C28F500E50F48 /* LSViewController.m in Sources */,
			);
			runOnlyForDeploymentPostprocessing = 0;
		};
		36A9D8F8199C28F500E50F48 /* Sources */ = {
			isa = PBXSourcesBuildPhase;
			buildActionMask = 2147483647;
			files = (
				36A9D909199C28F500E50F48 /* myplateTests.m in Sources */,
			);
			runOnlyForDeploymentPostprocessing = 0;
		};
/* End PBXSourcesBuildPhase section */

/* Begin PBXTargetDependency section */
		36A9D8CB199C239500E50F48 /* PBXTargetDependency */ = {
			isa = PBXTargetDependency;
			target = 36A9D8A3199C239400E50F48 /* myexercise */;
			targetProxy = 36A9D8CA199C239500E50F48 /* PBXContainerItemProxy */;
		};
		36A9D901199C28F500E50F48 /* PBXTargetDependency */ = {
			isa = PBXTargetDependency;
			target = 36A9D8DF199C28F500E50F48 /* myplate */;
			targetProxy = 36A9D900199C28F500E50F48 /* PBXContainerItemProxy */;
		};
/* End PBXTargetDependency section */

/* Begin PBXVariantGroup section */
		36A9D8B0199C239400E50F48 /* InfoPlist.strings */ = {
			isa = PBXVariantGroup;
			children = (
				36A9D8B1199C239400E50F48 /* en */,
			);
			name = InfoPlist.strings;
			sourceTree = "<group>";
		};
		36A9D8B9199C239400E50F48 /* Main.storyboard */ = {
			isa = PBXVariantGroup;
			children = (
				36A9D8BA199C239400E50F48 /* Base */,
			);
			name = Main.storyboard;
			sourceTree = "<group>";
		};
		36A9D8CF199C239500E50F48 /* InfoPlist.strings */ = {
			isa = PBXVariantGroup;
			children = (
				36A9D8D0199C239500E50F48 /* en */,
			);
			name = InfoPlist.strings;
			sourceTree = "<group>";
		};
		36A9D8E7199C28F500E50F48 /* InfoPlist.strings */ = {
			isa = PBXVariantGroup;
			children = (
				36A9D8E8199C28F500E50F48 /* en */,
			);
			name = InfoPlist.strings;
			sourceTree = "<group>";
		};
		36A9D8F0199C28F500E50F48 /* Main.storyboard */ = {
			isa = PBXVariantGroup;
			children = (
				36A9D8F1199C28F500E50F48 /* Base */,
			);
			name = Main.storyboard;
			sourceTree = "<group>";
		};
		36A9D905199C28F500E50F48 /* InfoPlist.strings */ = {
			isa = PBXVariantGroup;
			children = (
				36A9D906199C28F500E50F48 /* en */,
			);
			name = InfoPlist.strings;
			sourceTree = "<group>";
		};
/* End PBXVariantGroup section */

/* Begin XCBuildConfiguration section */
		36A9D8D4199C239500E50F48 /* Debug */ = {
			isa = XCBuildConfiguration;
			buildSettings = {
				ALWAYS_SEARCH_USER_PATHS = NO;
				CLANG_CXX_LANGUAGE_STANDARD = "gnu++0x";
				CLANG_CXX_LIBRARY = "libc++";
				CLANG_ENABLE_MODULES = YES;
				CLANG_ENABLE_OBJC_ARC = YES;
				CLANG_WARN_BOOL_CONVERSION = YES;
				CLANG_WARN_CONSTANT_CONVERSION = YES;
				CLANG_WARN_DIRECT_OBJC_ISA_USAGE = YES_ERROR;
				CLANG_WARN_EMPTY_BODY = YES;
				CLANG_WARN_ENUM_CONVERSION = YES;
				CLANG_WARN_INT_CONVERSION = YES;
				CLANG_WARN_OBJC_ROOT_CLASS = YES_ERROR;
				CLANG_WARN__DUPLICATE_METHOD_MATCH = YES;
				"CODE_SIGN_IDENTITY[sdk=iphoneos*]" = "iPhone Developer";
				COPY_PHASE_STRIP = NO;
				GCC_C_LANGUAGE_STANDARD = gnu99;
				GCC_DYNAMIC_NO_PIC = NO;
				GCC_OPTIMIZATION_LEVEL = 0;
				GCC_PREPROCESSOR_DEFINITIONS = (
					"DEBUG=1",
					"$(inherited)",
				);
				GCC_SYMBOLS_PRIVATE_EXTERN = NO;
				GCC_WARN_64_TO_32_BIT_CONVERSION = YES;
				GCC_WARN_ABOUT_RETURN_TYPE = YES_ERROR;
				GCC_WARN_UNDECLARED_SELECTOR = YES;
				GCC_WARN_UNINITIALIZED_AUTOS = YES_AGGRESSIVE;
				GCC_WARN_UNUSED_FUNCTION = YES;
				GCC_WARN_UNUSED_VARIABLE = YES;
				IPHONEOS_DEPLOYMENT_TARGET = 7.1;
				ONLY_ACTIVE_ARCH = YES;
				SDKROOT = iphoneos;
			};
			name = Debug;
		};
		36A9D8D5199C239500E50F48 /* Release */ = {
			isa = XCBuildConfiguration;
			buildSettings = {
				ALWAYS_SEARCH_USER_PATHS = NO;
				CLANG_CXX_LANGUAGE_STANDARD = "gnu++0x";
				CLANG_CXX_LIBRARY = "libc++";
				CLANG_ENABLE_MODULES = YES;
				CLANG_ENABLE_OBJC_ARC = YES;
				CLANG_WARN_BOOL_CONVERSION = YES;
				CLANG_WARN_CONSTANT_CONVERSION = YES;
				CLANG_WARN_DIRECT_OBJC_ISA_USAGE = YES_ERROR;
				CLANG_WARN_EMPTY_BODY = YES;
				CLANG_WARN_ENUM_CONVERSION = YES;
				CLANG_WARN_INT_CONVERSION = YES;
				CLANG_WARN_OBJC_ROOT_CLASS = YES_ERROR;
				CLANG_WARN__DUPLICATE_METHOD_MATCH = YES;
				"CODE_SIGN_IDENTITY[sdk=iphoneos*]" = "iPhone Developer";
				COPY_PHASE_STRIP = YES;
				ENABLE_NS_ASSERTIONS = NO;
				GCC_C_LANGUAGE_STANDARD = gnu99;
				GCC_WARN_64_TO_32_BIT_CONVERSION = YES;
				GCC_WARN_ABOUT_RETURN_TYPE = YES_ERROR;
				GCC_WARN_UNDECLARED_SELECTOR = YES;
				GCC_WARN_UNINITIALIZED_AUTOS = YES_AGGRESSIVE;
				GCC_WARN_UNUSED_FUNCTION = YES;
				GCC_WARN_UNUSED_VARIABLE = YES;
				IPHONEOS_DEPLOYMENT_TARGET = 7.1;
				SDKROOT = iphoneos;
				VALIDATE_PRODUCT = YES;
			};
			name = Release;
		};
		36A9D8D7199C239500E50F48 /* Debug */ = {
			isa = XCBuildConfiguration;
			buildSettings = {
				ASSETCATALOG_COMPILER_APPICON_NAME = AppIcon;
				ASSETCATALOG_COMPILER_LAUNCHIMAGE_NAME = LaunchImage;
				GCC_PRECOMPILE_PREFIX_HEADER = YES;
				GCC_PREFIX_HEADER = "myexercise/myexercise-Prefix.pch";
				INFOPLIST_FILE = "myexercise/myexercise-Info.plist";
				PRODUCT_NAME = "$(TARGET_NAME)";
				WRAPPER_EXTENSION = app;
			};
			name = Debug;
		};
		36A9D8D8199C239500E50F48 /* Release */ = {
			isa = XCBuildConfiguration;
			buildSettings = {
				ASSETCATALOG_COMPILER_APPICON_NAME = AppIcon;
				ASSETCATALOG_COMPILER_LAUNCHIMAGE_NAME = LaunchImage;
				GCC_PRECOMPILE_PREFIX_HEADER = YES;
				GCC_PREFIX_HEADER = "myexercise/myexercise-Prefix.pch";
				INFOPLIST_FILE = "myexercise/myexercise-Info.plist";
				PRODUCT_NAME = "$(TARGET_NAME)";
				WRAPPER_EXTENSION = app;
			};
			name = Release;
		};
		36A9D8DA199C239500E50F48 /* Debug */ = {
			isa = XCBuildConfiguration;
			buildSettings = {
				BUNDLE_LOADER = "$(BUILT_PRODUCTS_DIR)/myexercise.app/myexercise";
				FRAMEWORK_SEARCH_PATHS = (
					"$(SDKROOT)/Developer/Library/Frameworks",
					"$(inherited)",
					"$(DEVELOPER_FRAMEWORKS_DIR)",
				);
				GCC_PRECOMPILE_PREFIX_HEADER = YES;
				GCC_PREFIX_HEADER = "myexercise/myexercise-Prefix.pch";
				GCC_PREPROCESSOR_DEFINITIONS = (
					"DEBUG=1",
					"$(inherited)",
				);
				INFOPLIST_FILE = "myexerciseTests/myexerciseTests-Info.plist";
				PRODUCT_NAME = "$(TARGET_NAME)";
				TEST_HOST = "$(BUNDLE_LOADER)";
				WRAPPER_EXTENSION = xctest;
			};
			name = Debug;
		};
		36A9D8DB199C239500E50F48 /* Release */ = {
			isa = XCBuildConfiguration;
			buildSettings = {
				BUNDLE_LOADER = "$(BUILT_PRODUCTS_DIR)/myexercise.app/myexercise";
				FRAMEWORK_SEARCH_PATHS = (
					"$(SDKROOT)/Developer/Library/Frameworks",
					"$(inherited)",
					"$(DEVELOPER_FRAMEWORKS_DIR)",
				);
				GCC_PRECOMPILE_PREFIX_HEADER = YES;
				GCC_PREFIX_HEADER = "myexercise/myexercise-Prefix.pch";
				INFOPLIST_FILE = "myexerciseTests/myexerciseTests-Info.plist";
				PRODUCT_NAME = "$(TARGET_NAME)";
				TEST_HOST = "$(BUNDLE_LOADER)";
				WRAPPER_EXTENSION = xctest;
			};
			name = Release;
		};
		36A9D90B199C28F500E50F48 /* Debug */ = {
			isa = XCBuildConfiguration;
			buildSettings = {
				ASSETCATALOG_COMPILER_APPICON_NAME = AppIcon;
				ASSETCATALOG_COMPILER_LAUNCHIMAGE_NAME = LaunchImage;
				GCC_PRECOMPILE_PREFIX_HEADER = YES;
				GCC_PREFIX_HEADER = "myplate/myplate-Prefix.pch";
				GCC_PREPROCESSOR_DEFINITIONS = (
					"DEBUG=1",
					"$(inherited)",
				);
				INFOPLIST_FILE = "myplate/myplate-Info.plist";
				PRODUCT_NAME = "$(TARGET_NAME)";
				WRAPPER_EXTENSION = app;
			};
			name = Debug;
		};
		36A9D90C199C28F500E50F48 /* Release */ = {
			isa = XCBuildConfiguration;
			buildSettings = {
				ASSETCATALOG_COMPILER_APPICON_NAME = AppIcon;
				ASSETCATALOG_COMPILER_LAUNCHIMAGE_NAME = LaunchImage;
				GCC_PRECOMPILE_PREFIX_HEADER = YES;
				GCC_PREFIX_HEADER = "myplate/myplate-Prefix.pch";
				INFOPLIST_FILE = "myplate/myplate-Info.plist";
				PRODUCT_NAME = "$(TARGET_NAME)";
				WRAPPER_EXTENSION = app;
			};
			name = Release;
		};
		36A9D90E199C28F500E50F48 /* Debug */ = {
			isa = XCBuildConfiguration;
			buildSettings = {
				BUNDLE_LOADER = "$(BUILT_PRODUCTS_DIR)/myexercise.app/myexercise";
				FRAMEWORK_SEARCH_PATHS = (
					"$(SDKROOT)/Developer/Library/Frameworks",
					"$(inherited)",
					"$(DEVELOPER_FRAMEWORKS_DIR)",
				);
				GCC_PRECOMPILE_PREFIX_HEADER = YES;
				GCC_PREFIX_HEADER = "myplate/myplate-Prefix.pch";
				GCC_PREPROCESSOR_DEFINITIONS = (
					"DEBUG=1",
					"$(inherited)",
				);
				INFOPLIST_FILE = "myplateTests/myplateTests-Info.plist";
				PRODUCT_NAME = "$(TARGET_NAME)";
				TEST_HOST = "$(BUNDLE_LOADER)";
				WRAPPER_EXTENSION = xctest;
			};
			name = Debug;
		};
		36A9D90F199C28F500E50F48 /* Release */ = {
			isa = XCBuildConfiguration;
			buildSettings = {
				BUNDLE_LOADER = "$(BUILT_PRODUCTS_DIR)/myexercise.app/myexercise";
				FRAMEWORK_SEARCH_PATHS = (
					"$(SDKROOT)/Developer/Library/Frameworks",
					"$(inherited)",
					"$(DEVELOPER_FRAMEWORKS_DIR)",
				);
				GCC_PRECOMPILE_PREFIX_HEADER = YES;
				GCC_PREFIX_HEADER = "myplate/myplate-Prefix.pch";
				INFOPLIST_FILE = "myplateTests/myplateTests-Info.plist";
				PRODUCT_NAME = "$(TARGET_NAME)";
				TEST_HOST = "$(BUNDLE_LOADER)";
				WRAPPER_EXTENSION = xctest;
			};
			name = Release;
		};
/* End XCBuildConfiguration section */

/* Begin XCConfigurationList section */
		36A9D89F199C239400E50F48 /* Build configuration list for PBXProject "myexercise" */ = {
			isa = XCConfigurationList;
			buildConfigurations = (
				36A9D8D4199C239500E50F48 /* Debug */,
				36A9D8D5199C239500E50F48 /* Release */,
			);
			defaultConfigurationIsVisible = 0;
			defaultConfigurationName = Release;
		};
		36A9D8D6199C239500E50F48 /* Build configuration list for PBXNativeTarget "myexercise" */ = {
			isa = XCConfigurationList;
			buildConfigurations = (
				36A9D8D7199C239500E50F48 /* Debug */,
				36A9D8D8199C239500E50F48 /* Release */,
			);
			defaultConfigurationIsVisible = 0;
		};
		36A9D8D9199C239500E50F48 /* Build configuration list for PBXNativeTarget "myexerciseTests" */ = {
			isa = XCConfigurationList;
			buildConfigurations = (
				36A9D8DA199C239500E50F48 /* Debug */,
				36A9D8DB199C239500E50F48 /* Release */,
			);
			defaultConfigurationIsVisible = 0;
		};
		36A9D90A199C28F500E50F48 /* Build configuration list for PBXNativeTarget "myplate" */ = {
			isa = XCConfigurationList;
			buildConfigurations = (
				36A9D90B199C28F500E50F48 /* Debug */,
				36A9D90C199C28F500E50F48 /* Release */,
			);
			defaultConfigurationIsVisible = 0;
		};
		36A9D90D199C28F500E50F48 /* Build configuration list for PBXNativeTarget "myplateTests" */ = {
			isa = XCConfigurationList;
			buildConfigurations = (
				36A9D90E199C28F500E50F48 /* Debug */,
				36A9D90F199C28F500E50F48 /* Release */,
			);
			defaultConfigurationIsVisible = 0;
		};
/* End XCConfigurationList section */
	};
	rootObject = 36A9D89C199C239400E50F48 /* Project object */;
}
